
Microsoft Visual Studio Solution File, Format Version 12.00
# Visual Studio 15
VisualStudioVersion = 15.0.27428.2015
MinimumVisualStudioVersion = 10.0.40219.1
Project("{FAE04EC0-301F-11D3-BF4B-00C04F79EFBC}") = "WpfConsultorio", "WpfConsultorio\WpfConsultorio.csproj", "{7A775538-2C25-4727-87B4-F94FA47D3842}"
EndProject
Global
	GlobalSection(SolutionConfigurationPlatforms) = preSolution
		Debug|Any CPU = Debug|Any CPU
		Release|Any CPU = Release|Any CPU
	EndGlobalSection
	GlobalSection(ProjectConfigurationPlatforms) = postSolution
		{7A775538-2C25-4727-87B4-F94FA47D3842}.Debug|Any CPU.ActiveCfg = Debug|Any CPU
		{7A775538-2C25-4727-87B4-F94FA47D3842}.Debug|Any CPU.Build.0 = Debug|Any CPU
		{7A775538-2C25-4727-87B4-F94FA47D3842}.Release|Any CPU.ActiveCfg = Release|Any CPU
		{7A775538-2C25-4727-87B4-F94FA47D3842}.Release|Any CPU.Build.0 = Release|Any CPU
	EndGlobalSection
	GlobalSection(SolutionProperties) = preSolution
		HideSolutionNode = FALSE
	EndGlobalSection
	GlobalSection(ExtensibilityGlobals) = postSolution
		SolutionGuid = {8F4BB893-05B3-4771-983A-5C9B8FAA615E}
	EndGlobalSection
EndGlobal
